
Microsoft Visual Studio Solution File, Format Version 12.00
# Visual Studio 14
VisualStudioVersion = 14.0.24720.0
MinimumVisualStudioVersion = 10.0.40219.1
Project("{FAE04EC0-301F-11D3-BF4B-00C04F79EFBC}") = "DotNetDetour", "DotNetDetour\DotNetDetour.csproj", "{900B35A0-C116-46E2-875A-9BAB0C6D5A55}"
EndProject
Project("{FAE04EC0-301F-11D3-BF4B-00C04F79EFBC}") = "Test", "Test\Test.csproj", "{9E079A1B-8A31-4F74-A027-1DD2848754D4}"
EndProject
Global
	GlobalSection(SolutionConfigurationPlatforms) = preSolution
		Debug|Any CPU = Debug|Any CPU
		Debug|x64 = Debug|x64
		Release|Any CPU = Release|Any CPU
		Release|x64 = Release|x64
	EndGlobalSection
	GlobalSection(ProjectConfigurationPlatforms) = postSolution
		{900B35A0-C116-46E2-875A-9BAB0C6D5A55}.Debug|Any CPU.ActiveCfg = Debug|Any CPU
		{900B35A0-C116-46E2-875A-9BAB0C6D5A55}.Debug|Any CPU.Build.0 = Debug|Any CPU
		{900B35A0-C116-46E2-875A-9BAB0C6D5A55}.Debug|x64.ActiveCfg = Debug|Any CPU
		{900B35A0-C116-46E2-875A-9BAB0C6D5A55}.Debug|x64.Build.0 = Debug|Any CPU
		{900B35A0-C116-46E2-875A-9BAB0C6D5A55}.Release|Any CPU.ActiveCfg = Release|Any CPU
		{900B35A0-C116-46E2-875A-9BAB0C6D5A55}.Release|Any CPU.Build.0 = Release|Any CPU
		{900B35A0-C116-46E2-875A-9BAB0C6D5A55}.Release|x64.ActiveCfg = Release|Any CPU
		{900B35A0-C116-46E2-875A-9BAB0C6D5A55}.Release|x64.Build.0 = Release|Any CPU
		{9E079A1B-8A31-4F74-A027-1DD2848754D4}.Debug|Any CPU.ActiveCfg = Debug|Any CPU
		{9E079A1B-8A31-4F74-A027-1DD2848754D4}.Debug|Any CPU.Build.0 = Debug|Any CPU
		{9E079A1B-8A31-4F74-A027-1DD2848754D4}.Debug|x64.ActiveCfg = Debug|x64
		{9E079A1B-8A31-4F74-A027-1DD2848754D4}.Debug|x64.Build.0 = Debug|x64
		{9E079A1B-8A31-4F74-A027-1DD2848754D4}.Release|Any CPU.ActiveCfg = Release|Any CPU
		{9E079A1B-8A31-4F74-A027-1DD2848754D4}.Release|Any CPU.Build.0 = Release|Any CPU
		{9E079A1B-8A31-4F74-A027-1DD2848754D4}.Release|x64.ActiveCfg = Release|x64
		{9E079A1B-8A31-4F74-A027-1DD2848754D4}.Release|x64.Build.0 = Release|x64
	EndGlobalSection
	GlobalSection(SolutionProperties) = preSolution
		HideSolutionNode = FALSE
	EndGlobalSection
EndGlobal
